
Microsoft Visual Studio Solution File, Format Version 12.00
# Visual Studio Version 17
VisualStudioVersion = 17.10.35027.167
MinimumVisualStudioVersion = 10.0.40219.1
Project("{FAE04EC0-301F-11D3-BF4B-00C04F79EFBC}") = "Recupero", "Recupero\Recupero.csproj", "{AEE76417-131B-4EDF-9BD1-689928C3FD20}"
EndProject
Global
	GlobalSection(SolutionConfigurationPlatforms) = preSolution
		Debug|Any CPU = Debug|Any CPU
		Release|Any CPU = Release|Any CPU
	EndGlobalSection
	GlobalSection(ProjectConfigurationPlatforms) = postSolution
		{AEE76417-131B-4EDF-9BD1-689928C3FD20}.Debug|Any CPU.ActiveCfg = Debug|Any CPU
		{AEE76417-131B-4EDF-9BD1-689928C3FD20}.Debug|Any CPU.Build.0 = Debug|Any CPU
		{AEE76417-131B-4EDF-9BD1-689928C3FD20}.Release|Any CPU.ActiveCfg = Release|Any CPU
		{AEE76417-131B-4EDF-9BD1-689928C3FD20}.Release|Any CPU.Build.0 = Release|Any CPU
	EndGlobalSection
	GlobalSection(SolutionProperties) = preSolution
		HideSolutionNode = FALSE
	EndGlobalSection
	GlobalSection(ExtensibilityGlobals) = postSolution
		SolutionGuid = {590A9FC6-FDCD-4BFE-A892-AFA438E4B0ED}
	EndGlobalSection
EndGlobal
